
Microsoft Visual Studio Solution File, Format Version 12.00
# Visual Studio Version 17
VisualStudioVersion = 17.12.35707.178
MinimumVisualStudioVersion = 10.0.40219.1
Project("{FAE04EC0-301F-11D3-BF4B-00C04F79EFBC}") = "ADO", "ADO\ADO.csproj", "{3D0BEC6A-0546-4F91-9EC9-5EA80FA1A273}"
EndProject
Project("{FAE04EC0-301F-11D3-BF4B-00C04F79EFBC}") = "DBtools", "DBtools\DBtools.csproj", "{DF83F232-A322-4769-97C7-30969FC329DA}"
EndProject
Project("{FAE04EC0-301F-11D3-BF4B-00C04F79EFBC}") = "DLLtest", "DLLtest\DLLtest.csproj", "{A3AD15FE-8268-4144-8DAF-56E5CBBA7522}"
EndProject
Project("{FAE04EC0-301F-11D3-BF4B-00C04F79EFBC}") = "Academy", "Academy\Academy.csproj", "{C63D5F0E-9AE4-4942-95FF-4C3F5E5E8081}"
EndProject
Global
	GlobalSection(SolutionConfigurationPlatforms) = preSolution
		Debug|Any CPU = Debug|Any CPU
		Release|Any CPU = Release|Any CPU
	EndGlobalSection
	GlobalSection(ProjectConfigurationPlatforms) = postSolution
		{3D0BEC6A-0546-4F91-9EC9-5EA80FA1A273}.Debug|Any CPU.ActiveCfg = Debug|Any CPU
		{3D0BEC6A-0546-4F91-9EC9-5EA80FA1A273}.Debug|Any CPU.Build.0 = Debug|Any CPU
		{3D0BEC6A-0546-4F91-9EC9-5EA80FA1A273}.Release|Any CPU.ActiveCfg = Release|Any CPU
		{3D0BEC6A-0546-4F91-9EC9-5EA80FA1A273}.Release|Any CPU.Build.0 = Release|Any CPU
		{DF83F232-A322-4769-97C7-30969FC329DA}.Debug|Any CPU.ActiveCfg = Debug|Any CPU
		{DF83F232-A322-4769-97C7-30969FC329DA}.Debug|Any CPU.Build.0 = Debug|Any CPU
		{DF83F232-A322-4769-97C7-30969FC329DA}.Release|Any CPU.ActiveCfg = Release|Any CPU
		{DF83F232-A322-4769-97C7-30969FC329DA}.Release|Any CPU.Build.0 = Release|Any CPU
		{A3AD15FE-8268-4144-8DAF-56E5CBBA7522}.Debug|Any CPU.ActiveCfg = Debug|Any CPU
		{A3AD15FE-8268-4144-8DAF-56E5CBBA7522}.Debug|Any CPU.Build.0 = Debug|Any CPU
		{A3AD15FE-8268-4144-8DAF-56E5CBBA7522}.Release|Any CPU.ActiveCfg = Release|Any CPU
		{A3AD15FE-8268-4144-8DAF-56E5CBBA7522}.Release|Any CPU.Build.0 = Release|Any CPU
		{C63D5F0E-9AE4-4942-95FF-4C3F5E5E8081}.Debug|Any CPU.ActiveCfg = Debug|Any CPU
		{C63D5F0E-9AE4-4942-95FF-4C3F5E5E8081}.Debug|Any CPU.Build.0 = Debug|Any CPU
		{C63D5F0E-9AE4-4942-95FF-4C3F5E5E8081}.Release|Any CPU.ActiveCfg = Release|Any CPU
		{C63D5F0E-9AE4-4942-95FF-4C3F5E5E8081}.Release|Any CPU.Build.0 = Release|Any CPU
	EndGlobalSection
	GlobalSection(SolutionProperties) = preSolution
		HideSolutionNode = FALSE
	EndGlobalSection
EndGlobal
